
Microsoft Visual Studio Solution File, Format Version 12.00
# Visual Studio Version 16
VisualStudioVersion = 16.0.31129.286
MinimumVisualStudioVersion = 10.0.40219.1
Project("{888888A0-9F3D-457C-B088-3A5042F75D52}") = "io_control", "io_control.pyproj", "{EBD1F4E4-DADD-44D1-B335-A58228DB7735}"
EndProject
Global
	GlobalSection(SolutionConfigurationPlatforms) = preSolution
		Debug|Any CPU = Debug|Any CPU
		Release|Any CPU = Release|Any CPU
	EndGlobalSection
	GlobalSection(ProjectConfigurationPlatforms) = postSolution
		{EBD1F4E4-DADD-44D1-B335-A58228DB7735}.Debug|Any CPU.ActiveCfg = Debug|Any CPU
		{EBD1F4E4-DADD-44D1-B335-A58228DB7735}.Release|Any CPU.ActiveCfg = Release|Any CPU
	EndGlobalSection
	GlobalSection(SolutionProperties) = preSolution
		HideSolutionNode = FALSE
	EndGlobalSection
	GlobalSection(ExtensibilityGlobals) = postSolution
		SolutionGuid = {6AF55E0E-BEDA-4D35-BEDE-0AE7A46034CD}
	EndGlobalSection
EndGlobal
